<?xml version="1.0" encoding="utf-8"?>
<Project ToolsVersion="16.0" xmlns="http://schemas.microsoft.com/developer/msbuild/2003">
  <ItemGroup>
    <ClCompile Include="C:\Users\lcv2212506.LCIEDUCATION\Documents\GitHub\VGP230\Classes\AppDelegate.cpp">
      <Filter>Source Files\Classes</Filter>
    </ClCompile>
    <ClCompile Include="C:\Users\lcv2212506.LCIEDUCATION\Documents\GitHub\VGP230\Classes\HelloWorldScene.cpp">
      <Filter>Source Files\Classes</Filter>
    </ClCompile>
    <ClCompile Include="C:\Users\lcv2212506.LCIEDUCATION\Documents\GitHub\VGP230\proj.win32\main.cpp">
      <Filter>Source Files\proj.win32</Filter>
    </ClCompile>
    <ClCompile Include="C:\Users\lcv2212506.LCIEDUCATION\Documents\GitHub\VGP230\cocos2d\cocos\precheader.cpp">
      <Filter>Source Files</Filter>
    </ClCompile>
  </ItemGroup>
  <ItemGroup>
    <ClInclude Include="C:\Users\lcv2212506.LCIEDUCATION\Documents\GitHub\VGP230\Classes\AppDelegate.h">
      <Filter>Source Files\Classes</Filter>
    </ClInclude>
    <ClInclude Include="C:\Users\lcv2212506.LCIEDUCATION\Documents\GitHub\VGP230\Classes\HelloWorldScene.h">
      <Filter>Source Files\Classes</Filter>
    </ClInclude>
    <ClInclude Include="C:\Users\lcv2212506.LCIEDUCATION\Documents\GitHub\VGP230\proj.win32\main.h">
      <Filter>Source Files\proj.win32</Filter>
    </ClInclude>
    <ClInclude Include="C:\Users\lcv2212506.LCIEDUCATION\Documents\GitHub\VGP230\proj.win32\resource.h">
      <Filter>Source Files\proj.win32</Filter>
    </ClInclude>
    <ClInclude Include="C:\Users\lcv2212506.LCIEDUCATION\Documents\GitHub\VGP230\Resources\CloseNormal.png">
      <Filter>Resources</Filter>
    </ClInclude>
    <ClInclude Include="C:\Users\lcv2212506.LCIEDUCATION\Documents\GitHub\VGP230\Resources\CloseSelected.png">
      <Filter>Resources</Filter>
    </ClInclude>
    <ClInclude Include="C:\Users\lcv2212506.LCIEDUCATION\Documents\GitHub\VGP230\Resources\HelloWorld.png">
      <Filter>Resources</Filter>
    </ClInclude>
    <ClInclude Include="C:\Users\lcv2212506.LCIEDUCATION\Documents\GitHub\VGP230\Resources\fonts\Marker Felt.ttf">
      <Filter>Resources\fonts</Filter>
    </ClInclude>
    <ClInclude Include="C:\Users\lcv2212506.LCIEDUCATION\Documents\GitHub\VGP230\Resources\fonts\arial.ttf">
      <Filter>Resources\fonts</Filter>
    </ClInclude>
    <ClInclude Include="C:\Users\lcv2212506.LCIEDUCATION\Documents\GitHub\VGP230\Resources\res\.gitkeep">
      <Filter>Resources\res</Filter>
    </ClInclude>
  </ItemGroup>
  <ItemGroup>
    <CustomBuild Include="C:\Users\lcv2212506.LCIEDUCATION\Documents\GitHub\VGP230\CMakeLists.txt" />
  </ItemGroup>
  <ItemGroup>
    <ResourceCompile Include="C:\Users\lcv2212506.LCIEDUCATION\Documents\GitHub\VGP230\proj.win32\game.rc">
      <Filter>Source Files\proj.win32</Filter>
    </ResourceCompile>
  </ItemGroup>
  <ItemGroup>
    <Filter Include="Resources">
      <UniqueIdentifier>{9A83949A-E464-34EF-BB33-BE4A220AF667}</UniqueIdentifier>
    </Filter>
    <Filter Include="Resources\fonts">
      <UniqueIdentifier>{31B2C455-538B-3AB3-80D3-04DC6413E64C}</UniqueIdentifier>
    </Filter>
    <Filter Include="Resources\res">
      <UniqueIdentifier>{070D3B9C-AA7F-360C-8EFB-23336CAADE07}</UniqueIdentifier>
    </Filter>
    <Filter Include="Source Files">
      <UniqueIdentifier>{8E1C8D2C-07F6-36AD-9566-BB9518368C54}</UniqueIdentifier>
    </Filter>
    <Filter Include="Source Files\Classes">
      <UniqueIdentifier>{BA35324F-EC3E-360D-BCE2-83DDD6FC2CE4}</UniqueIdentifier>
    </Filter>
    <Filter Include="Source Files\proj.win32">
      <UniqueIdentifier>{28094020-458B-3733-AE0D-C5FAD48FCCF0}</UniqueIdentifier>
    </Filter>
  </ItemGroup>
</Project>
